
Microsoft Visual Studio Solution File, Format Version 12.00
# Visual Studio Version 17
VisualStudioVersion = 17.2.32630.192
MinimumVisualStudioVersion = 10.0.40219.1
Project("{FAE04EC0-301F-11D3-BF4B-00C04F79EFBC}") = "Nail_Web", "Nail_Web\Nail_Web.csproj", "{642BDB06-12AC-407E-B5D6-EF594E458200}"
EndProject
Global
	GlobalSection(SolutionConfigurationPlatforms) = preSolution
		Debug|Any CPU = Debug|Any CPU
		Release|Any CPU = Release|Any CPU
	EndGlobalSection
	GlobalSection(ProjectConfigurationPlatforms) = postSolution
		{642BDB06-12AC-407E-B5D6-EF594E458200}.Debug|Any CPU.ActiveCfg = Debug|Any CPU
		{642BDB06-12AC-407E-B5D6-EF594E458200}.Debug|Any CPU.Build.0 = Debug|Any CPU
		{642BDB06-12AC-407E-B5D6-EF594E458200}.Release|Any CPU.ActiveCfg = Release|Any CPU
		{642BDB06-12AC-407E-B5D6-EF594E458200}.Release|Any CPU.Build.0 = Release|Any CPU
	EndGlobalSection
	GlobalSection(SolutionProperties) = preSolution
		HideSolutionNode = FALSE
	EndGlobalSection
	GlobalSection(ExtensibilityGlobals) = postSolution
		SolutionGuid = {1864F75C-98B7-4F72-852D-6AD3FF421194}
	EndGlobalSection
EndGlobal
